
Microsoft Visual Studio Solution File, Format Version 12.00
# Visual Studio 15
VisualStudioVersion = 15.0.27703.2035
MinimumVisualStudioVersion = 10.0.40219.1
Project("{FAE04EC0-301F-11D3-BF4B-00C04F79EFBC}") = "MX.Util.CLI", "MX.Util.CLI\MX.Util.CLI.csproj", "{38A005A0-E73C-44EF-B2B8-8B94F35BBF1F}"
EndProject
Project("{9A19103F-16F7-4668-BE54-9A1E7A4F7556}") = "MX.Util.CLILib", "MX.Util.CLILib\MX.Util.CLILib.csproj", "{3FC0E7B9-3D02-4494-B62B-6C1C09090048}"
EndProject
Project("{9A19103F-16F7-4668-BE54-9A1E7A4F7556}") = "MX.Util.MathUtil", "MX.Util.Math\MX.Util.MathUtil.csproj", "{142B3116-0F10-4632-B5B4-BFD176531174}"
EndProject
Project("{FAE04EC0-301F-11D3-BF4B-00C04F79EFBC}") = "MX.Util.Tests", "MX.Util.Tests\MX.Util.Tests.csproj", "{C811879E-2F0B-4475-BF63-BBC755291AC5}"
EndProject
Global
	GlobalSection(SolutionConfigurationPlatforms) = preSolution
		Debug|Any CPU = Debug|Any CPU
		Release|Any CPU = Release|Any CPU
	EndGlobalSection
	GlobalSection(ProjectConfigurationPlatforms) = postSolution
		{38A005A0-E73C-44EF-B2B8-8B94F35BBF1F}.Debug|Any CPU.ActiveCfg = Debug|Any CPU
		{38A005A0-E73C-44EF-B2B8-8B94F35BBF1F}.Debug|Any CPU.Build.0 = Debug|Any CPU
		{38A005A0-E73C-44EF-B2B8-8B94F35BBF1F}.Release|Any CPU.ActiveCfg = Release|Any CPU
		{38A005A0-E73C-44EF-B2B8-8B94F35BBF1F}.Release|Any CPU.Build.0 = Release|Any CPU
		{3FC0E7B9-3D02-4494-B62B-6C1C09090048}.Debug|Any CPU.ActiveCfg = Debug|Any CPU
		{3FC0E7B9-3D02-4494-B62B-6C1C09090048}.Debug|Any CPU.Build.0 = Debug|Any CPU
		{3FC0E7B9-3D02-4494-B62B-6C1C09090048}.Release|Any CPU.ActiveCfg = Release|Any CPU
		{3FC0E7B9-3D02-4494-B62B-6C1C09090048}.Release|Any CPU.Build.0 = Release|Any CPU
		{142B3116-0F10-4632-B5B4-BFD176531174}.Debug|Any CPU.ActiveCfg = Debug|Any CPU
		{142B3116-0F10-4632-B5B4-BFD176531174}.Debug|Any CPU.Build.0 = Debug|Any CPU
		{142B3116-0F10-4632-B5B4-BFD176531174}.Release|Any CPU.ActiveCfg = Release|Any CPU
		{142B3116-0F10-4632-B5B4-BFD176531174}.Release|Any CPU.Build.0 = Release|Any CPU
		{C811879E-2F0B-4475-BF63-BBC755291AC5}.Debug|Any CPU.ActiveCfg = Debug|Any CPU
		{C811879E-2F0B-4475-BF63-BBC755291AC5}.Debug|Any CPU.Build.0 = Debug|Any CPU
		{C811879E-2F0B-4475-BF63-BBC755291AC5}.Release|Any CPU.ActiveCfg = Release|Any CPU
		{C811879E-2F0B-4475-BF63-BBC755291AC5}.Release|Any CPU.Build.0 = Release|Any CPU
	EndGlobalSection
	GlobalSection(SolutionProperties) = preSolution
		HideSolutionNode = FALSE
	EndGlobalSection
	GlobalSection(ExtensibilityGlobals) = postSolution
		SolutionGuid = {E6890806-2526-47E2-B8F5-054438D3C73D}
	EndGlobalSection
EndGlobal
